
Microsoft Visual Studio Solution File, Format Version 12.00
# Visual Studio Version 17
VisualStudioVersion = 17.10.35013.160
MinimumVisualStudioVersion = 10.0.40219.1
Project("{8BC9CEB8-8B4A-11D0-8D11-00A0C91BC942}") = "WCUI", "WCUI\WCUI.vcxproj", "{85FEE351-9579-4E77-BA82-DF9AAA2A44A5}"
EndProject
Project("{8BC9CEB8-8B4A-11D0-8D11-00A0C91BC942}") = "WCUI.WinRT", "WCUI.WinRT\WCUI.WinRT.vcxproj", "{C3BC1834-7326-4768-8AAB-EFC6E4B13406}"
EndProject
Global
	GlobalSection(SolutionConfigurationPlatforms) = preSolution
		Debug|x64 = Debug|x64
		Debug|x86 = Debug|x86
		Release|x64 = Release|x64
		Release|x86 = Release|x86
	EndGlobalSection
	GlobalSection(ProjectConfigurationPlatforms) = postSolution
		{85FEE351-9579-4E77-BA82-DF9AAA2A44A5}.Debug|x64.ActiveCfg = Debug|x64
		{85FEE351-9579-4E77-BA82-DF9AAA2A44A5}.Debug|x64.Build.0 = Debug|x64
		{85FEE351-9579-4E77-BA82-DF9AAA2A44A5}.Debug|x86.ActiveCfg = Debug|Win32
		{85FEE351-9579-4E77-BA82-DF9AAA2A44A5}.Debug|x86.Build.0 = Debug|Win32
		{85FEE351-9579-4E77-BA82-DF9AAA2A44A5}.Release|x64.ActiveCfg = Release|x64
		{85FEE351-9579-4E77-BA82-DF9AAA2A44A5}.Release|x64.Build.0 = Release|x64
		{85FEE351-9579-4E77-BA82-DF9AAA2A44A5}.Release|x86.ActiveCfg = Release|Win32
		{85FEE351-9579-4E77-BA82-DF9AAA2A44A5}.Release|x86.Build.0 = Release|Win32
		{C3BC1834-7326-4768-8AAB-EFC6E4B13406}.Debug|x64.ActiveCfg = Debug|x64
		{C3BC1834-7326-4768-8AAB-EFC6E4B13406}.Debug|x64.Build.0 = Debug|x64
		{C3BC1834-7326-4768-8AAB-EFC6E4B13406}.Debug|x86.ActiveCfg = Debug|Win32
		{C3BC1834-7326-4768-8AAB-EFC6E4B13406}.Debug|x86.Build.0 = Debug|Win32
		{C3BC1834-7326-4768-8AAB-EFC6E4B13406}.Release|x64.ActiveCfg = Release|x64
		{C3BC1834-7326-4768-8AAB-EFC6E4B13406}.Release|x64.Build.0 = Release|x64
		{C3BC1834-7326-4768-8AAB-EFC6E4B13406}.Release|x86.ActiveCfg = Release|Win32
		{C3BC1834-7326-4768-8AAB-EFC6E4B13406}.Release|x86.Build.0 = Release|Win32
	EndGlobalSection
	GlobalSection(SolutionProperties) = preSolution
		HideSolutionNode = FALSE
	EndGlobalSection
	GlobalSection(ExtensibilityGlobals) = postSolution
		SolutionGuid = {E5685143-C40C-4364-B698-C9996FE6FF8F}
	EndGlobalSection
EndGlobal
